
Microsoft Visual Studio Solution File, Format Version 12.00
# Visual Studio Version 17
VisualStudioVersion = 17.7.34009.444
MinimumVisualStudioVersion = 10.0.40219.1
Project("{9A19103F-16F7-4668-BE54-9A1E7A4F7556}") = "Testing", "Testing\Testing.csproj", "{6D0E35BE-834B-40CD-B0A2-B63096AAF900}"
EndProject
Project("{9A19103F-16F7-4668-BE54-9A1E7A4F7556}") = "Subtraction", "Subtraction\Subtraction.csproj", "{2287795B-1362-4E7A-A83A-16F0867B9CFA}"
EndProject
Project("{9A19103F-16F7-4668-BE54-9A1E7A4F7556}") = "Multiplication", "Multiplication\Multiplication.csproj", "{9844D42B-D541-46F6-9FE3-E58ED59503F6}"
EndProject
Project("{FAE04EC0-301F-11D3-BF4B-00C04F79EFBC}") = "TestingCon", "TestingCon\TestingCon.csproj", "{25A15B30-39C7-40DE-9288-AFCA65AFE620}"
EndProject
Global
	GlobalSection(SolutionConfigurationPlatforms) = preSolution
		Debug|Any CPU = Debug|Any CPU
		Release|Any CPU = Release|Any CPU
	EndGlobalSection
	GlobalSection(ProjectConfigurationPlatforms) = postSolution
		{6D0E35BE-834B-40CD-B0A2-B63096AAF900}.Debug|Any CPU.ActiveCfg = Debug|Any CPU
		{6D0E35BE-834B-40CD-B0A2-B63096AAF900}.Debug|Any CPU.Build.0 = Debug|Any CPU
		{6D0E35BE-834B-40CD-B0A2-B63096AAF900}.Release|Any CPU.ActiveCfg = Release|Any CPU
		{6D0E35BE-834B-40CD-B0A2-B63096AAF900}.Release|Any CPU.Build.0 = Release|Any CPU
		{2287795B-1362-4E7A-A83A-16F0867B9CFA}.Debug|Any CPU.ActiveCfg = Debug|Any CPU
		{2287795B-1362-4E7A-A83A-16F0867B9CFA}.Debug|Any CPU.Build.0 = Debug|Any CPU
		{2287795B-1362-4E7A-A83A-16F0867B9CFA}.Release|Any CPU.ActiveCfg = Release|Any CPU
		{2287795B-1362-4E7A-A83A-16F0867B9CFA}.Release|Any CPU.Build.0 = Release|Any CPU
		{9844D42B-D541-46F6-9FE3-E58ED59503F6}.Debug|Any CPU.ActiveCfg = Debug|Any CPU
		{9844D42B-D541-46F6-9FE3-E58ED59503F6}.Debug|Any CPU.Build.0 = Debug|Any CPU
		{9844D42B-D541-46F6-9FE3-E58ED59503F6}.Release|Any CPU.ActiveCfg = Release|Any CPU
		{9844D42B-D541-46F6-9FE3-E58ED59503F6}.Release|Any CPU.Build.0 = Release|Any CPU
		{25A15B30-39C7-40DE-9288-AFCA65AFE620}.Debug|Any CPU.ActiveCfg = Debug|Any CPU
		{25A15B30-39C7-40DE-9288-AFCA65AFE620}.Debug|Any CPU.Build.0 = Debug|Any CPU
		{25A15B30-39C7-40DE-9288-AFCA65AFE620}.Release|Any CPU.ActiveCfg = Release|Any CPU
		{25A15B30-39C7-40DE-9288-AFCA65AFE620}.Release|Any CPU.Build.0 = Release|Any CPU
	EndGlobalSection
	GlobalSection(SolutionProperties) = preSolution
		HideSolutionNode = FALSE
	EndGlobalSection
	GlobalSection(ExtensibilityGlobals) = postSolution
		SolutionGuid = {C913390E-494B-4385-8D33-F6EACB1BDAA5}
	EndGlobalSection
EndGlobal
